
Microsoft Visual Studio Solution File, Format Version 12.00
# Visual Studio Version 17
VisualStudioVersion = 17.0.32014.148
MinimumVisualStudioVersion = 10.0.40219.1
Project("{FAE04EC0-301F-11D3-BF4B-00C04F79EFBC}") = "asp", "asp.csproj", "{E5B87069-4E10-4FDD-A0B2-20E81FD42B0F}"
EndProject
Global
	GlobalSection(SolutionConfigurationPlatforms) = preSolution
		Debug|Any CPU = Debug|Any CPU
		Release|Any CPU = Release|Any CPU
	EndGlobalSection
	GlobalSection(ProjectConfigurationPlatforms) = postSolution
		{E5B87069-4E10-4FDD-A0B2-20E81FD42B0F}.Debug|Any CPU.ActiveCfg = Debug|Any CPU
		{E5B87069-4E10-4FDD-A0B2-20E81FD42B0F}.Debug|Any CPU.Build.0 = Debug|Any CPU
		{E5B87069-4E10-4FDD-A0B2-20E81FD42B0F}.Release|Any CPU.ActiveCfg = Release|Any CPU
		{E5B87069-4E10-4FDD-A0B2-20E81FD42B0F}.Release|Any CPU.Build.0 = Release|Any CPU
	EndGlobalSection
	GlobalSection(SolutionProperties) = preSolution
		HideSolutionNode = FALSE
	EndGlobalSection
	GlobalSection(ExtensibilityGlobals) = postSolution
		SolutionGuid = {5F7288A1-D8ED-4462-9451-58E1098D4771}
	EndGlobalSection
EndGlobal
